
Microsoft Visual Studio Solution File, Format Version 12.00
# Visual Studio 15
VisualStudioVersion = 15.0.27604.0
MinimumVisualStudioVersion = 10.0.40219.1
Project("{9A19103F-16F7-4668-BE54-9A1E7A4F7556}") = "Stutton.AutoDoc.Logic", "Stutton.AutoDoc.Logic\Stutton.AutoDoc.Logic.csproj", "{EE4253D9-488A-462E-9998-D7F5954FD702}"
EndProject
Project("{FAE04EC0-301F-11D3-BF4B-00C04F79EFBC}") = "Stutton.AutoDoc", "Stutton.AutoDoc\Stutton.AutoDoc.csproj", "{9C09C6F5-8A39-41CF-9138-084C05BBFCEB}"
EndProject
Project("{FAE04EC0-301F-11D3-BF4B-00C04F79EFBC}") = "Stutton.AutoDoc.Tests", "Stutton.AutoDoc.Tests\Stutton.AutoDoc.Tests.csproj", "{649E4138-1600-4C32-AD79-221BCCEF6A4D}"
EndProject
Global
	GlobalSection(SolutionConfigurationPlatforms) = preSolution
		Debug|Any CPU = Debug|Any CPU
		Debug|ARM = Debug|ARM
		Debug|x64 = Debug|x64
		Debug|x86 = Debug|x86
		Release|Any CPU = Release|Any CPU
		Release|ARM = Release|ARM
		Release|x64 = Release|x64
		Release|x86 = Release|x86
	EndGlobalSection
	GlobalSection(ProjectConfigurationPlatforms) = postSolution
		{EE4253D9-488A-462E-9998-D7F5954FD702}.Debug|Any CPU.ActiveCfg = Debug|Any CPU
		{EE4253D9-488A-462E-9998-D7F5954FD702}.Debug|Any CPU.Build.0 = Debug|Any CPU
		{EE4253D9-488A-462E-9998-D7F5954FD702}.Debug|ARM.ActiveCfg = Debug|Any CPU
		{EE4253D9-488A-462E-9998-D7F5954FD702}.Debug|ARM.Build.0 = Debug|Any CPU
		{EE4253D9-488A-462E-9998-D7F5954FD702}.Debug|x64.ActiveCfg = Debug|Any CPU
		{EE4253D9-488A-462E-9998-D7F5954FD702}.Debug|x64.Build.0 = Debug|Any CPU
		{EE4253D9-488A-462E-9998-D7F5954FD702}.Debug|x86.ActiveCfg = Debug|Any CPU
		{EE4253D9-488A-462E-9998-D7F5954FD702}.Debug|x86.Build.0 = Debug|Any CPU
		{EE4253D9-488A-462E-9998-D7F5954FD702}.Release|Any CPU.ActiveCfg = Release|Any CPU
		{EE4253D9-488A-462E-9998-D7F5954FD702}.Release|Any CPU.Build.0 = Release|Any CPU
		{EE4253D9-488A-462E-9998-D7F5954FD702}.Release|ARM.ActiveCfg = Release|Any CPU
		{EE4253D9-488A-462E-9998-D7F5954FD702}.Release|ARM.Build.0 = Release|Any CPU
		{EE4253D9-488A-462E-9998-D7F5954FD702}.Release|x64.ActiveCfg = Release|Any CPU
		{EE4253D9-488A-462E-9998-D7F5954FD702}.Release|x64.Build.0 = Release|Any CPU
		{EE4253D9-488A-462E-9998-D7F5954FD702}.Release|x86.ActiveCfg = Release|Any CPU
		{EE4253D9-488A-462E-9998-D7F5954FD702}.Release|x86.Build.0 = Release|Any CPU
		{9C09C6F5-8A39-41CF-9138-084C05BBFCEB}.Debug|Any CPU.ActiveCfg = Debug|x86
		{9C09C6F5-8A39-41CF-9138-084C05BBFCEB}.Debug|ARM.ActiveCfg = Debug|ARM
		{9C09C6F5-8A39-41CF-9138-084C05BBFCEB}.Debug|ARM.Build.0 = Debug|ARM
		{9C09C6F5-8A39-41CF-9138-084C05BBFCEB}.Debug|ARM.Deploy.0 = Debug|ARM
		{9C09C6F5-8A39-41CF-9138-084C05BBFCEB}.Debug|x64.ActiveCfg = Debug|x64
		{9C09C6F5-8A39-41CF-9138-084C05BBFCEB}.Debug|x64.Build.0 = Debug|x64
		{9C09C6F5-8A39-41CF-9138-084C05BBFCEB}.Debug|x64.Deploy.0 = Debug|x64
		{9C09C6F5-8A39-41CF-9138-084C05BBFCEB}.Debug|x86.ActiveCfg = Debug|x86
		{9C09C6F5-8A39-41CF-9138-084C05BBFCEB}.Debug|x86.Build.0 = Debug|x86
		{9C09C6F5-8A39-41CF-9138-084C05BBFCEB}.Debug|x86.Deploy.0 = Debug|x86
		{9C09C6F5-8A39-41CF-9138-084C05BBFCEB}.Release|Any CPU.ActiveCfg = Release|x86
		{9C09C6F5-8A39-41CF-9138-084C05BBFCEB}.Release|ARM.ActiveCfg = Release|ARM
		{9C09C6F5-8A39-41CF-9138-084C05BBFCEB}.Release|ARM.Build.0 = Release|ARM
		{9C09C6F5-8A39-41CF-9138-084C05BBFCEB}.Release|ARM.Deploy.0 = Release|ARM
		{9C09C6F5-8A39-41CF-9138-084C05BBFCEB}.Release|x64.ActiveCfg = Release|x64
		{9C09C6F5-8A39-41CF-9138-084C05BBFCEB}.Release|x64.Build.0 = Release|x64
		{9C09C6F5-8A39-41CF-9138-084C05BBFCEB}.Release|x64.Deploy.0 = Release|x64
		{9C09C6F5-8A39-41CF-9138-084C05BBFCEB}.Release|x86.ActiveCfg = Release|x86
		{9C09C6F5-8A39-41CF-9138-084C05BBFCEB}.Release|x86.Build.0 = Release|x86
		{9C09C6F5-8A39-41CF-9138-084C05BBFCEB}.Release|x86.Deploy.0 = Release|x86
		{649E4138-1600-4C32-AD79-221BCCEF6A4D}.Debug|Any CPU.ActiveCfg = Debug|Any CPU
		{649E4138-1600-4C32-AD79-221BCCEF6A4D}.Debug|Any CPU.Build.0 = Debug|Any CPU
		{649E4138-1600-4C32-AD79-221BCCEF6A4D}.Debug|ARM.ActiveCfg = Debug|Any CPU
		{649E4138-1600-4C32-AD79-221BCCEF6A4D}.Debug|ARM.Build.0 = Debug|Any CPU
		{649E4138-1600-4C32-AD79-221BCCEF6A4D}.Debug|x64.ActiveCfg = Debug|Any CPU
		{649E4138-1600-4C32-AD79-221BCCEF6A4D}.Debug|x64.Build.0 = Debug|Any CPU
		{649E4138-1600-4C32-AD79-221BCCEF6A4D}.Debug|x86.ActiveCfg = Debug|Any CPU
		{649E4138-1600-4C32-AD79-221BCCEF6A4D}.Debug|x86.Build.0 = Debug|Any CPU
		{649E4138-1600-4C32-AD79-221BCCEF6A4D}.Release|Any CPU.ActiveCfg = Release|Any CPU
		{649E4138-1600-4C32-AD79-221BCCEF6A4D}.Release|Any CPU.Build.0 = Release|Any CPU
		{649E4138-1600-4C32-AD79-221BCCEF6A4D}.Release|ARM.ActiveCfg = Release|Any CPU
		{649E4138-1600-4C32-AD79-221BCCEF6A4D}.Release|ARM.Build.0 = Release|Any CPU
		{649E4138-1600-4C32-AD79-221BCCEF6A4D}.Release|x64.ActiveCfg = Release|Any CPU
		{649E4138-1600-4C32-AD79-221BCCEF6A4D}.Release|x64.Build.0 = Release|Any CPU
		{649E4138-1600-4C32-AD79-221BCCEF6A4D}.Release|x86.ActiveCfg = Release|Any CPU
		{649E4138-1600-4C32-AD79-221BCCEF6A4D}.Release|x86.Build.0 = Release|Any CPU
	EndGlobalSection
	GlobalSection(SolutionProperties) = preSolution
		HideSolutionNode = FALSE
	EndGlobalSection
	GlobalSection(ExtensibilityGlobals) = postSolution
		SolutionGuid = {5432C541-BE14-4139-B1C3-560650EACC9E}
	EndGlobalSection
EndGlobal
