
Microsoft Visual Studio Solution File, Format Version 12.00
# Visual Studio 15
VisualStudioVersion = 15.0.27428.2005
MinimumVisualStudioVersion = 10.0.40219.1
Project("{FAE04EC0-301F-11D3-BF4B-00C04F79EFBC}") = "Stutton.AppExtensionHoster", "Stutton.AppExtensionHoster\Stutton.AppExtensionHoster.csproj", "{FAB9F8A5-253E-4955-B626-50F7ADD834CA}"
EndProject
Project("{FAE04EC0-301F-11D3-BF4B-00C04F79EFBC}") = "Stutton.AppExtensionHoster.Tests", "Stutton.AppExtensionHoster.Tests\Stutton.AppExtensionHoster.Tests.csproj", "{73A66B8F-8646-49EC-B383-CA635D77ADE0}"
EndProject
Project("{FAE04EC0-301F-11D3-BF4B-00C04F79EFBC}") = "Stutton.AppExtensionHoster.Contracts", "Stutton.AppExtensionHoster.Contracts\Stutton.AppExtensionHoster.Contracts.csproj", "{1D9E81B6-9B7D-4BF9-B1D9-1B2A5832AC22}"
EndProject
Global
	GlobalSection(SolutionConfigurationPlatforms) = preSolution
		Debug|Any CPU = Debug|Any CPU
		Debug|ARM = Debug|ARM
		Debug|x64 = Debug|x64
		Debug|x86 = Debug|x86
		Release|Any CPU = Release|Any CPU
		Release|ARM = Release|ARM
		Release|x64 = Release|x64
		Release|x86 = Release|x86
	EndGlobalSection
	GlobalSection(ProjectConfigurationPlatforms) = postSolution
		{FAB9F8A5-253E-4955-B626-50F7ADD834CA}.Debug|Any CPU.ActiveCfg = Debug|Any CPU
		{FAB9F8A5-253E-4955-B626-50F7ADD834CA}.Debug|Any CPU.Build.0 = Debug|Any CPU
		{FAB9F8A5-253E-4955-B626-50F7ADD834CA}.Debug|ARM.ActiveCfg = Debug|ARM
		{FAB9F8A5-253E-4955-B626-50F7ADD834CA}.Debug|ARM.Build.0 = Debug|ARM
		{FAB9F8A5-253E-4955-B626-50F7ADD834CA}.Debug|x64.ActiveCfg = Debug|x64
		{FAB9F8A5-253E-4955-B626-50F7ADD834CA}.Debug|x64.Build.0 = Debug|x64
		{FAB9F8A5-253E-4955-B626-50F7ADD834CA}.Debug|x86.ActiveCfg = Debug|x86
		{FAB9F8A5-253E-4955-B626-50F7ADD834CA}.Debug|x86.Build.0 = Debug|x86
		{FAB9F8A5-253E-4955-B626-50F7ADD834CA}.Release|Any CPU.ActiveCfg = Release|Any CPU
		{FAB9F8A5-253E-4955-B626-50F7ADD834CA}.Release|Any CPU.Build.0 = Release|Any CPU
		{FAB9F8A5-253E-4955-B626-50F7ADD834CA}.Release|ARM.ActiveCfg = Release|ARM
		{FAB9F8A5-253E-4955-B626-50F7ADD834CA}.Release|ARM.Build.0 = Release|ARM
		{FAB9F8A5-253E-4955-B626-50F7ADD834CA}.Release|x64.ActiveCfg = Release|x64
		{FAB9F8A5-253E-4955-B626-50F7ADD834CA}.Release|x64.Build.0 = Release|x64
		{FAB9F8A5-253E-4955-B626-50F7ADD834CA}.Release|x86.ActiveCfg = Release|x86
		{FAB9F8A5-253E-4955-B626-50F7ADD834CA}.Release|x86.Build.0 = Release|x86
		{73A66B8F-8646-49EC-B383-CA635D77ADE0}.Debug|Any CPU.ActiveCfg = Debug|x86
		{73A66B8F-8646-49EC-B383-CA635D77ADE0}.Debug|ARM.ActiveCfg = Debug|ARM
		{73A66B8F-8646-49EC-B383-CA635D77ADE0}.Debug|ARM.Build.0 = Debug|ARM
		{73A66B8F-8646-49EC-B383-CA635D77ADE0}.Debug|ARM.Deploy.0 = Debug|ARM
		{73A66B8F-8646-49EC-B383-CA635D77ADE0}.Debug|x64.ActiveCfg = Debug|x64
		{73A66B8F-8646-49EC-B383-CA635D77ADE0}.Debug|x64.Build.0 = Debug|x64
		{73A66B8F-8646-49EC-B383-CA635D77ADE0}.Debug|x64.Deploy.0 = Debug|x64
		{73A66B8F-8646-49EC-B383-CA635D77ADE0}.Debug|x86.ActiveCfg = Debug|x86
		{73A66B8F-8646-49EC-B383-CA635D77ADE0}.Debug|x86.Build.0 = Debug|x86
		{73A66B8F-8646-49EC-B383-CA635D77ADE0}.Debug|x86.Deploy.0 = Debug|x86
		{73A66B8F-8646-49EC-B383-CA635D77ADE0}.Release|Any CPU.ActiveCfg = Release|x86
		{73A66B8F-8646-49EC-B383-CA635D77ADE0}.Release|ARM.ActiveCfg = Release|ARM
		{73A66B8F-8646-49EC-B383-CA635D77ADE0}.Release|ARM.Build.0 = Release|ARM
		{73A66B8F-8646-49EC-B383-CA635D77ADE0}.Release|ARM.Deploy.0 = Release|ARM
		{73A66B8F-8646-49EC-B383-CA635D77ADE0}.Release|x64.ActiveCfg = Release|x64
		{73A66B8F-8646-49EC-B383-CA635D77ADE0}.Release|x64.Build.0 = Release|x64
		{73A66B8F-8646-49EC-B383-CA635D77ADE0}.Release|x64.Deploy.0 = Release|x64
		{73A66B8F-8646-49EC-B383-CA635D77ADE0}.Release|x86.ActiveCfg = Release|x86
		{73A66B8F-8646-49EC-B383-CA635D77ADE0}.Release|x86.Build.0 = Release|x86
		{73A66B8F-8646-49EC-B383-CA635D77ADE0}.Release|x86.Deploy.0 = Release|x86
		{1D9E81B6-9B7D-4BF9-B1D9-1B2A5832AC22}.Debug|Any CPU.ActiveCfg = Debug|Any CPU
		{1D9E81B6-9B7D-4BF9-B1D9-1B2A5832AC22}.Debug|Any CPU.Build.0 = Debug|Any CPU
		{1D9E81B6-9B7D-4BF9-B1D9-1B2A5832AC22}.Debug|ARM.ActiveCfg = Debug|ARM
		{1D9E81B6-9B7D-4BF9-B1D9-1B2A5832AC22}.Debug|ARM.Build.0 = Debug|ARM
		{1D9E81B6-9B7D-4BF9-B1D9-1B2A5832AC22}.Debug|x64.ActiveCfg = Debug|x64
		{1D9E81B6-9B7D-4BF9-B1D9-1B2A5832AC22}.Debug|x64.Build.0 = Debug|x64
		{1D9E81B6-9B7D-4BF9-B1D9-1B2A5832AC22}.Debug|x86.ActiveCfg = Debug|x86
		{1D9E81B6-9B7D-4BF9-B1D9-1B2A5832AC22}.Debug|x86.Build.0 = Debug|x86
		{1D9E81B6-9B7D-4BF9-B1D9-1B2A5832AC22}.Release|Any CPU.ActiveCfg = Release|Any CPU
		{1D9E81B6-9B7D-4BF9-B1D9-1B2A5832AC22}.Release|Any CPU.Build.0 = Release|Any CPU
		{1D9E81B6-9B7D-4BF9-B1D9-1B2A5832AC22}.Release|ARM.ActiveCfg = Release|ARM
		{1D9E81B6-9B7D-4BF9-B1D9-1B2A5832AC22}.Release|ARM.Build.0 = Release|ARM
		{1D9E81B6-9B7D-4BF9-B1D9-1B2A5832AC22}.Release|x64.ActiveCfg = Release|x64
		{1D9E81B6-9B7D-4BF9-B1D9-1B2A5832AC22}.Release|x64.Build.0 = Release|x64
		{1D9E81B6-9B7D-4BF9-B1D9-1B2A5832AC22}.Release|x86.ActiveCfg = Release|x86
		{1D9E81B6-9B7D-4BF9-B1D9-1B2A5832AC22}.Release|x86.Build.0 = Release|x86
	EndGlobalSection
	GlobalSection(SolutionProperties) = preSolution
		HideSolutionNode = FALSE
	EndGlobalSection
	GlobalSection(ExtensibilityGlobals) = postSolution
		SolutionGuid = {589A7183-3858-4188-95D0-33DB3E63411F}
	EndGlobalSection
EndGlobal
