
Microsoft Visual Studio Solution File, Format Version 12.00
# Visual Studio 15
VisualStudioVersion = 15.0.27428.2015
MinimumVisualStudioVersion = 10.0.40219.1
Project("{FAE04EC0-301F-11D3-BF4B-00C04F79EFBC}") = "Stutton.AppExtension.Demo.Host", "Stutton.AppExtension.Demo.Host\Stutton.AppExtension.Demo.Host.csproj", "{749D2E51-4DB6-43E4-85DD-A084679CBDE7}"
EndProject
Project("{9A19103F-16F7-4668-BE54-9A1E7A4F7556}") = "Stutton.AppExtensionHoster", "..\Stutton.AppExtensionHoster\Stutton.AppExtensionHoster\Stutton.AppExtensionHoster.csproj", "{4EA35A27-C52F-4276-A059-BADA4592A869}"
EndProject
Project("{FAE04EC0-301F-11D3-BF4B-00C04F79EFBC}") = "Stutton.AppExtensionHoster.Uwp", "..\Stutton.AppExtensionHoster\Stutton.AppExtensionHoster.Uwp\Stutton.AppExtensionHoster.Uwp.csproj", "{EC0BBE6F-FB0E-4E2C-9379-6CC26BA88999}"
EndProject
Project("{9A19103F-16F7-4668-BE54-9A1E7A4F7556}") = "Stutton.AppExtensionHoster.Contracts", "..\Stutton.AppExtensionHoster\Stutton.AppExtensionHoster.Contracts\Stutton.AppExtensionHoster.Contracts.csproj", "{2B6552C9-27D7-438C-8D97-5B3231057B6F}"
EndProject
Project("{FAE04EC0-301F-11D3-BF4B-00C04F79EFBC}") = "Stutton.AppExtension.Demo.Shared", "Stutton.AppExtension.Demo.Shared\Stutton.AppExtension.Demo.Shared.csproj", "{10CB75C1-A131-4A84-AAE8-420FE60E1725}"
EndProject
Project("{FAE04EC0-301F-11D3-BF4B-00C04F79EFBC}") = "Stutton.AppExtension.Demo.Add", "Stutton.AppExtension.Demo.Add\Stutton.AppExtension.Demo.Add.csproj", "{3BF1176E-2223-4207-937A-7759ED84F627}"
EndProject
Project("{9A19103F-16F7-4668-BE54-9A1E7A4F7556}") = "Stutton.AppExtensionClient", "..\Stutton.AppExtensionClient\Stutton.AppExtensionClient\Stutton.AppExtensionClient.csproj", "{D3CB930E-C013-4E2C-BF5E-8522D73C0524}"
EndProject
Project("{2150E333-8FDC-42A3-9474-1A3956D46DE8}") = "Host", "Host", "{7BCC59E5-BDCD-4C75-9E26-12C909EAE145}"
EndProject
Project("{2150E333-8FDC-42A3-9474-1A3956D46DE8}") = "Client", "Client", "{21E381DB-F340-418C-A699-0ECFA8C0D855}"
EndProject
Project("{FAE04EC0-301F-11D3-BF4B-00C04F79EFBC}") = "Stutton.AppExtensionClient.Uwp", "..\Stutton.AppExtensionClient\Stutton.AppExtensionClient.Uwp\Stutton.AppExtensionClient.Uwp.csproj", "{24A38D71-79BD-4007-AE7A-4C96C276C8D7}"
EndProject
Project("{9A19103F-16F7-4668-BE54-9A1E7A4F7556}") = "Stutton.AppExtensionClient.Contracts", "..\Stutton.AppExtensionClient\Stutton.AppExtensionClient.Contracts\Stutton.AppExtensionClient.Contracts.csproj", "{B9791CA3-61A1-4ECC-88CC-19A6EA7E53CE}"
EndProject
Global
	GlobalSection(SolutionConfigurationPlatforms) = preSolution
		Debug|Any CPU = Debug|Any CPU
		Debug|ARM = Debug|ARM
		Debug|x64 = Debug|x64
		Debug|x86 = Debug|x86
		Release|Any CPU = Release|Any CPU
		Release|ARM = Release|ARM
		Release|x64 = Release|x64
		Release|x86 = Release|x86
	EndGlobalSection
	GlobalSection(ProjectConfigurationPlatforms) = postSolution
		{749D2E51-4DB6-43E4-85DD-A084679CBDE7}.Debug|Any CPU.ActiveCfg = Debug|x86
		{749D2E51-4DB6-43E4-85DD-A084679CBDE7}.Debug|ARM.ActiveCfg = Debug|ARM
		{749D2E51-4DB6-43E4-85DD-A084679CBDE7}.Debug|ARM.Build.0 = Debug|ARM
		{749D2E51-4DB6-43E4-85DD-A084679CBDE7}.Debug|ARM.Deploy.0 = Debug|ARM
		{749D2E51-4DB6-43E4-85DD-A084679CBDE7}.Debug|x64.ActiveCfg = Debug|x64
		{749D2E51-4DB6-43E4-85DD-A084679CBDE7}.Debug|x64.Build.0 = Debug|x64
		{749D2E51-4DB6-43E4-85DD-A084679CBDE7}.Debug|x64.Deploy.0 = Debug|x64
		{749D2E51-4DB6-43E4-85DD-A084679CBDE7}.Debug|x86.ActiveCfg = Debug|x86
		{749D2E51-4DB6-43E4-85DD-A084679CBDE7}.Debug|x86.Build.0 = Debug|x86
		{749D2E51-4DB6-43E4-85DD-A084679CBDE7}.Debug|x86.Deploy.0 = Debug|x86
		{749D2E51-4DB6-43E4-85DD-A084679CBDE7}.Release|Any CPU.ActiveCfg = Release|x86
		{749D2E51-4DB6-43E4-85DD-A084679CBDE7}.Release|ARM.ActiveCfg = Release|ARM
		{749D2E51-4DB6-43E4-85DD-A084679CBDE7}.Release|ARM.Build.0 = Release|ARM
		{749D2E51-4DB6-43E4-85DD-A084679CBDE7}.Release|ARM.Deploy.0 = Release|ARM
		{749D2E51-4DB6-43E4-85DD-A084679CBDE7}.Release|x64.ActiveCfg = Release|x64
		{749D2E51-4DB6-43E4-85DD-A084679CBDE7}.Release|x64.Build.0 = Release|x64
		{749D2E51-4DB6-43E4-85DD-A084679CBDE7}.Release|x64.Deploy.0 = Release|x64
		{749D2E51-4DB6-43E4-85DD-A084679CBDE7}.Release|x86.ActiveCfg = Release|x86
		{749D2E51-4DB6-43E4-85DD-A084679CBDE7}.Release|x86.Build.0 = Release|x86
		{749D2E51-4DB6-43E4-85DD-A084679CBDE7}.Release|x86.Deploy.0 = Release|x86
		{4EA35A27-C52F-4276-A059-BADA4592A869}.Debug|Any CPU.ActiveCfg = Debug|Any CPU
		{4EA35A27-C52F-4276-A059-BADA4592A869}.Debug|Any CPU.Build.0 = Debug|Any CPU
		{4EA35A27-C52F-4276-A059-BADA4592A869}.Debug|ARM.ActiveCfg = Debug|Any CPU
		{4EA35A27-C52F-4276-A059-BADA4592A869}.Debug|ARM.Build.0 = Debug|Any CPU
		{4EA35A27-C52F-4276-A059-BADA4592A869}.Debug|x64.ActiveCfg = Debug|Any CPU
		{4EA35A27-C52F-4276-A059-BADA4592A869}.Debug|x64.Build.0 = Debug|Any CPU
		{4EA35A27-C52F-4276-A059-BADA4592A869}.Debug|x86.ActiveCfg = Debug|Any CPU
		{4EA35A27-C52F-4276-A059-BADA4592A869}.Debug|x86.Build.0 = Debug|Any CPU
		{4EA35A27-C52F-4276-A059-BADA4592A869}.Release|Any CPU.ActiveCfg = Release|Any CPU
		{4EA35A27-C52F-4276-A059-BADA4592A869}.Release|Any CPU.Build.0 = Release|Any CPU
		{4EA35A27-C52F-4276-A059-BADA4592A869}.Release|ARM.ActiveCfg = Release|Any CPU
		{4EA35A27-C52F-4276-A059-BADA4592A869}.Release|ARM.Build.0 = Release|Any CPU
		{4EA35A27-C52F-4276-A059-BADA4592A869}.Release|x64.ActiveCfg = Release|Any CPU
		{4EA35A27-C52F-4276-A059-BADA4592A869}.Release|x64.Build.0 = Release|Any CPU
		{4EA35A27-C52F-4276-A059-BADA4592A869}.Release|x86.ActiveCfg = Release|Any CPU
		{4EA35A27-C52F-4276-A059-BADA4592A869}.Release|x86.Build.0 = Release|Any CPU
		{EC0BBE6F-FB0E-4E2C-9379-6CC26BA88999}.Debug|Any CPU.ActiveCfg = Debug|Any CPU
		{EC0BBE6F-FB0E-4E2C-9379-6CC26BA88999}.Debug|Any CPU.Build.0 = Debug|Any CPU
		{EC0BBE6F-FB0E-4E2C-9379-6CC26BA88999}.Debug|ARM.ActiveCfg = Debug|ARM
		{EC0BBE6F-FB0E-4E2C-9379-6CC26BA88999}.Debug|ARM.Build.0 = Debug|ARM
		{EC0BBE6F-FB0E-4E2C-9379-6CC26BA88999}.Debug|x64.ActiveCfg = Debug|x64
		{EC0BBE6F-FB0E-4E2C-9379-6CC26BA88999}.Debug|x64.Build.0 = Debug|x64
		{EC0BBE6F-FB0E-4E2C-9379-6CC26BA88999}.Debug|x86.ActiveCfg = Debug|x86
		{EC0BBE6F-FB0E-4E2C-9379-6CC26BA88999}.Debug|x86.Build.0 = Debug|x86
		{EC0BBE6F-FB0E-4E2C-9379-6CC26BA88999}.Release|Any CPU.ActiveCfg = Release|Any CPU
		{EC0BBE6F-FB0E-4E2C-9379-6CC26BA88999}.Release|Any CPU.Build.0 = Release|Any CPU
		{EC0BBE6F-FB0E-4E2C-9379-6CC26BA88999}.Release|ARM.ActiveCfg = Release|ARM
		{EC0BBE6F-FB0E-4E2C-9379-6CC26BA88999}.Release|ARM.Build.0 = Release|ARM
		{EC0BBE6F-FB0E-4E2C-9379-6CC26BA88999}.Release|x64.ActiveCfg = Release|x64
		{EC0BBE6F-FB0E-4E2C-9379-6CC26BA88999}.Release|x64.Build.0 = Release|x64
		{EC0BBE6F-FB0E-4E2C-9379-6CC26BA88999}.Release|x86.ActiveCfg = Release|x86
		{EC0BBE6F-FB0E-4E2C-9379-6CC26BA88999}.Release|x86.Build.0 = Release|x86
		{2B6552C9-27D7-438C-8D97-5B3231057B6F}.Debug|Any CPU.ActiveCfg = Debug|Any CPU
		{2B6552C9-27D7-438C-8D97-5B3231057B6F}.Debug|Any CPU.Build.0 = Debug|Any CPU
		{2B6552C9-27D7-438C-8D97-5B3231057B6F}.Debug|ARM.ActiveCfg = Debug|Any CPU
		{2B6552C9-27D7-438C-8D97-5B3231057B6F}.Debug|ARM.Build.0 = Debug|Any CPU
		{2B6552C9-27D7-438C-8D97-5B3231057B6F}.Debug|x64.ActiveCfg = Debug|Any CPU
		{2B6552C9-27D7-438C-8D97-5B3231057B6F}.Debug|x64.Build.0 = Debug|Any CPU
		{2B6552C9-27D7-438C-8D97-5B3231057B6F}.Debug|x86.ActiveCfg = Debug|Any CPU
		{2B6552C9-27D7-438C-8D97-5B3231057B6F}.Debug|x86.Build.0 = Debug|Any CPU
		{2B6552C9-27D7-438C-8D97-5B3231057B6F}.Release|Any CPU.ActiveCfg = Release|Any CPU
		{2B6552C9-27D7-438C-8D97-5B3231057B6F}.Release|Any CPU.Build.0 = Release|Any CPU
		{2B6552C9-27D7-438C-8D97-5B3231057B6F}.Release|ARM.ActiveCfg = Release|Any CPU
		{2B6552C9-27D7-438C-8D97-5B3231057B6F}.Release|ARM.Build.0 = Release|Any CPU
		{2B6552C9-27D7-438C-8D97-5B3231057B6F}.Release|x64.ActiveCfg = Release|Any CPU
		{2B6552C9-27D7-438C-8D97-5B3231057B6F}.Release|x64.Build.0 = Release|Any CPU
		{2B6552C9-27D7-438C-8D97-5B3231057B6F}.Release|x86.ActiveCfg = Release|Any CPU
		{2B6552C9-27D7-438C-8D97-5B3231057B6F}.Release|x86.Build.0 = Release|Any CPU
		{10CB75C1-A131-4A84-AAE8-420FE60E1725}.Debug|Any CPU.ActiveCfg = Debug|Any CPU
		{10CB75C1-A131-4A84-AAE8-420FE60E1725}.Debug|Any CPU.Build.0 = Debug|Any CPU
		{10CB75C1-A131-4A84-AAE8-420FE60E1725}.Debug|ARM.ActiveCfg = Debug|ARM
		{10CB75C1-A131-4A84-AAE8-420FE60E1725}.Debug|ARM.Build.0 = Debug|ARM
		{10CB75C1-A131-4A84-AAE8-420FE60E1725}.Debug|x64.ActiveCfg = Debug|x64
		{10CB75C1-A131-4A84-AAE8-420FE60E1725}.Debug|x64.Build.0 = Debug|x64
		{10CB75C1-A131-4A84-AAE8-420FE60E1725}.Debug|x86.ActiveCfg = Debug|x86
		{10CB75C1-A131-4A84-AAE8-420FE60E1725}.Debug|x86.Build.0 = Debug|x86
		{10CB75C1-A131-4A84-AAE8-420FE60E1725}.Release|Any CPU.ActiveCfg = Release|Any CPU
		{10CB75C1-A131-4A84-AAE8-420FE60E1725}.Release|Any CPU.Build.0 = Release|Any CPU
		{10CB75C1-A131-4A84-AAE8-420FE60E1725}.Release|ARM.ActiveCfg = Release|ARM
		{10CB75C1-A131-4A84-AAE8-420FE60E1725}.Release|ARM.Build.0 = Release|ARM
		{10CB75C1-A131-4A84-AAE8-420FE60E1725}.Release|x64.ActiveCfg = Release|x64
		{10CB75C1-A131-4A84-AAE8-420FE60E1725}.Release|x64.Build.0 = Release|x64
		{10CB75C1-A131-4A84-AAE8-420FE60E1725}.Release|x86.ActiveCfg = Release|x86
		{10CB75C1-A131-4A84-AAE8-420FE60E1725}.Release|x86.Build.0 = Release|x86
		{3BF1176E-2223-4207-937A-7759ED84F627}.Debug|Any CPU.ActiveCfg = Debug|x86
		{3BF1176E-2223-4207-937A-7759ED84F627}.Debug|ARM.ActiveCfg = Debug|ARM
		{3BF1176E-2223-4207-937A-7759ED84F627}.Debug|ARM.Build.0 = Debug|ARM
		{3BF1176E-2223-4207-937A-7759ED84F627}.Debug|ARM.Deploy.0 = Debug|ARM
		{3BF1176E-2223-4207-937A-7759ED84F627}.Debug|x64.ActiveCfg = Debug|x64
		{3BF1176E-2223-4207-937A-7759ED84F627}.Debug|x64.Build.0 = Debug|x64
		{3BF1176E-2223-4207-937A-7759ED84F627}.Debug|x64.Deploy.0 = Debug|x64
		{3BF1176E-2223-4207-937A-7759ED84F627}.Debug|x86.ActiveCfg = Debug|x86
		{3BF1176E-2223-4207-937A-7759ED84F627}.Debug|x86.Build.0 = Debug|x86
		{3BF1176E-2223-4207-937A-7759ED84F627}.Debug|x86.Deploy.0 = Debug|x86
		{3BF1176E-2223-4207-937A-7759ED84F627}.Release|Any CPU.ActiveCfg = Release|x86
		{3BF1176E-2223-4207-937A-7759ED84F627}.Release|ARM.ActiveCfg = Release|ARM
		{3BF1176E-2223-4207-937A-7759ED84F627}.Release|ARM.Build.0 = Release|ARM
		{3BF1176E-2223-4207-937A-7759ED84F627}.Release|ARM.Deploy.0 = Release|ARM
		{3BF1176E-2223-4207-937A-7759ED84F627}.Release|x64.ActiveCfg = Release|x64
		{3BF1176E-2223-4207-937A-7759ED84F627}.Release|x64.Build.0 = Release|x64
		{3BF1176E-2223-4207-937A-7759ED84F627}.Release|x64.Deploy.0 = Release|x64
		{3BF1176E-2223-4207-937A-7759ED84F627}.Release|x86.ActiveCfg = Release|x86
		{3BF1176E-2223-4207-937A-7759ED84F627}.Release|x86.Build.0 = Release|x86
		{3BF1176E-2223-4207-937A-7759ED84F627}.Release|x86.Deploy.0 = Release|x86
		{D3CB930E-C013-4E2C-BF5E-8522D73C0524}.Debug|Any CPU.ActiveCfg = Debug|Any CPU
		{D3CB930E-C013-4E2C-BF5E-8522D73C0524}.Debug|Any CPU.Build.0 = Debug|Any CPU
		{D3CB930E-C013-4E2C-BF5E-8522D73C0524}.Debug|ARM.ActiveCfg = Debug|Any CPU
		{D3CB930E-C013-4E2C-BF5E-8522D73C0524}.Debug|ARM.Build.0 = Debug|Any CPU
		{D3CB930E-C013-4E2C-BF5E-8522D73C0524}.Debug|x64.ActiveCfg = Debug|Any CPU
		{D3CB930E-C013-4E2C-BF5E-8522D73C0524}.Debug|x64.Build.0 = Debug|Any CPU
		{D3CB930E-C013-4E2C-BF5E-8522D73C0524}.Debug|x86.ActiveCfg = Debug|Any CPU
		{D3CB930E-C013-4E2C-BF5E-8522D73C0524}.Debug|x86.Build.0 = Debug|Any CPU
		{D3CB930E-C013-4E2C-BF5E-8522D73C0524}.Release|Any CPU.ActiveCfg = Release|Any CPU
		{D3CB930E-C013-4E2C-BF5E-8522D73C0524}.Release|Any CPU.Build.0 = Release|Any CPU
		{D3CB930E-C013-4E2C-BF5E-8522D73C0524}.Release|ARM.ActiveCfg = Release|Any CPU
		{D3CB930E-C013-4E2C-BF5E-8522D73C0524}.Release|ARM.Build.0 = Release|Any CPU
		{D3CB930E-C013-4E2C-BF5E-8522D73C0524}.Release|x64.ActiveCfg = Release|Any CPU
		{D3CB930E-C013-4E2C-BF5E-8522D73C0524}.Release|x64.Build.0 = Release|Any CPU
		{D3CB930E-C013-4E2C-BF5E-8522D73C0524}.Release|x86.ActiveCfg = Release|Any CPU
		{D3CB930E-C013-4E2C-BF5E-8522D73C0524}.Release|x86.Build.0 = Release|Any CPU
		{24A38D71-79BD-4007-AE7A-4C96C276C8D7}.Debug|Any CPU.ActiveCfg = Debug|Any CPU
		{24A38D71-79BD-4007-AE7A-4C96C276C8D7}.Debug|Any CPU.Build.0 = Debug|Any CPU
		{24A38D71-79BD-4007-AE7A-4C96C276C8D7}.Debug|ARM.ActiveCfg = Debug|ARM
		{24A38D71-79BD-4007-AE7A-4C96C276C8D7}.Debug|ARM.Build.0 = Debug|ARM
		{24A38D71-79BD-4007-AE7A-4C96C276C8D7}.Debug|x64.ActiveCfg = Debug|x64
		{24A38D71-79BD-4007-AE7A-4C96C276C8D7}.Debug|x64.Build.0 = Debug|x64
		{24A38D71-79BD-4007-AE7A-4C96C276C8D7}.Debug|x86.ActiveCfg = Debug|x86
		{24A38D71-79BD-4007-AE7A-4C96C276C8D7}.Debug|x86.Build.0 = Debug|x86
		{24A38D71-79BD-4007-AE7A-4C96C276C8D7}.Release|Any CPU.ActiveCfg = Release|Any CPU
		{24A38D71-79BD-4007-AE7A-4C96C276C8D7}.Release|Any CPU.Build.0 = Release|Any CPU
		{24A38D71-79BD-4007-AE7A-4C96C276C8D7}.Release|ARM.ActiveCfg = Release|ARM
		{24A38D71-79BD-4007-AE7A-4C96C276C8D7}.Release|ARM.Build.0 = Release|ARM
		{24A38D71-79BD-4007-AE7A-4C96C276C8D7}.Release|x64.ActiveCfg = Release|x64
		{24A38D71-79BD-4007-AE7A-4C96C276C8D7}.Release|x64.Build.0 = Release|x64
		{24A38D71-79BD-4007-AE7A-4C96C276C8D7}.Release|x86.ActiveCfg = Release|x86
		{24A38D71-79BD-4007-AE7A-4C96C276C8D7}.Release|x86.Build.0 = Release|x86
		{B9791CA3-61A1-4ECC-88CC-19A6EA7E53CE}.Debug|Any CPU.ActiveCfg = Debug|Any CPU
		{B9791CA3-61A1-4ECC-88CC-19A6EA7E53CE}.Debug|Any CPU.Build.0 = Debug|Any CPU
		{B9791CA3-61A1-4ECC-88CC-19A6EA7E53CE}.Debug|ARM.ActiveCfg = Debug|Any CPU
		{B9791CA3-61A1-4ECC-88CC-19A6EA7E53CE}.Debug|ARM.Build.0 = Debug|Any CPU
		{B9791CA3-61A1-4ECC-88CC-19A6EA7E53CE}.Debug|x64.ActiveCfg = Debug|Any CPU
		{B9791CA3-61A1-4ECC-88CC-19A6EA7E53CE}.Debug|x64.Build.0 = Debug|Any CPU
		{B9791CA3-61A1-4ECC-88CC-19A6EA7E53CE}.Debug|x86.ActiveCfg = Debug|Any CPU
		{B9791CA3-61A1-4ECC-88CC-19A6EA7E53CE}.Debug|x86.Build.0 = Debug|Any CPU
		{B9791CA3-61A1-4ECC-88CC-19A6EA7E53CE}.Release|Any CPU.ActiveCfg = Release|Any CPU
		{B9791CA3-61A1-4ECC-88CC-19A6EA7E53CE}.Release|Any CPU.Build.0 = Release|Any CPU
		{B9791CA3-61A1-4ECC-88CC-19A6EA7E53CE}.Release|ARM.ActiveCfg = Release|Any CPU
		{B9791CA3-61A1-4ECC-88CC-19A6EA7E53CE}.Release|ARM.Build.0 = Release|Any CPU
		{B9791CA3-61A1-4ECC-88CC-19A6EA7E53CE}.Release|x64.ActiveCfg = Release|Any CPU
		{B9791CA3-61A1-4ECC-88CC-19A6EA7E53CE}.Release|x64.Build.0 = Release|Any CPU
		{B9791CA3-61A1-4ECC-88CC-19A6EA7E53CE}.Release|x86.ActiveCfg = Release|Any CPU
		{B9791CA3-61A1-4ECC-88CC-19A6EA7E53CE}.Release|x86.Build.0 = Release|Any CPU
	EndGlobalSection
	GlobalSection(SolutionProperties) = preSolution
		HideSolutionNode = FALSE
	EndGlobalSection
	GlobalSection(NestedProjects) = preSolution
		{749D2E51-4DB6-43E4-85DD-A084679CBDE7} = {7BCC59E5-BDCD-4C75-9E26-12C909EAE145}
		{4EA35A27-C52F-4276-A059-BADA4592A869} = {7BCC59E5-BDCD-4C75-9E26-12C909EAE145}
		{EC0BBE6F-FB0E-4E2C-9379-6CC26BA88999} = {7BCC59E5-BDCD-4C75-9E26-12C909EAE145}
		{2B6552C9-27D7-438C-8D97-5B3231057B6F} = {7BCC59E5-BDCD-4C75-9E26-12C909EAE145}
		{3BF1176E-2223-4207-937A-7759ED84F627} = {21E381DB-F340-418C-A699-0ECFA8C0D855}
		{D3CB930E-C013-4E2C-BF5E-8522D73C0524} = {21E381DB-F340-418C-A699-0ECFA8C0D855}
		{24A38D71-79BD-4007-AE7A-4C96C276C8D7} = {21E381DB-F340-418C-A699-0ECFA8C0D855}
		{B9791CA3-61A1-4ECC-88CC-19A6EA7E53CE} = {21E381DB-F340-418C-A699-0ECFA8C0D855}
	EndGlobalSection
	GlobalSection(ExtensibilityGlobals) = postSolution
		SolutionGuid = {6CAB2050-BC1F-4129-AFFC-E8F121C8E2BC}
	EndGlobalSection
EndGlobal
